
Microsoft Visual Studio Solution File, Format Version 12.00
# Visual Studio Version 17
VisualStudioVersion = 17.10.34916.146
MinimumVisualStudioVersion = 10.0.40219.1
Project("{FAE04EC0-301F-11D3-BF4B-00C04F79EFBC}") = "Musica1", "Musica1\Musica1.csproj", "{72027BBA-D525-45FD-BD25-D0BCA9F58D10}"
EndProject
Global
	GlobalSection(SolutionConfigurationPlatforms) = preSolution
		Debug|Any CPU = Debug|Any CPU
		Release|Any CPU = Release|Any CPU
	EndGlobalSection
	GlobalSection(ProjectConfigurationPlatforms) = postSolution
		{72027BBA-D525-45FD-BD25-D0BCA9F58D10}.Debug|Any CPU.ActiveCfg = Debug|Any CPU
		{72027BBA-D525-45FD-BD25-D0BCA9F58D10}.Debug|Any CPU.Build.0 = Debug|Any CPU
		{72027BBA-D525-45FD-BD25-D0BCA9F58D10}.Release|Any CPU.ActiveCfg = Release|Any CPU
		{72027BBA-D525-45FD-BD25-D0BCA9F58D10}.Release|Any CPU.Build.0 = Release|Any CPU
	EndGlobalSection
	GlobalSection(SolutionProperties) = preSolution
		HideSolutionNode = FALSE
	EndGlobalSection
	GlobalSection(ExtensibilityGlobals) = postSolution
		SolutionGuid = {75DD9A92-C6D3-4EF0-AFB3-0B23C06C408E}
	EndGlobalSection
EndGlobal
